github.com/hinscx/goecho v0.0.0-20240609050819-153cd4e1ac30 h1:ypyZ2+ifOPTqGrm6DjOpXg0SrdHKTEZvU2rrE1kKwcc=
github.com/hinscx/goecho v0.0.0-20240609050819-153cd4e1ac30/go.mod h1:vH/d7hqIs5xoMH92yUFjup1HLOm83QApYFeBdxjuh30=
github.com/hinscx/goecho v1.1.0 h1:Sten++YneOTi5ZXmIP98VilL0b41IIDXj3oWF2O/oJA=
github.com/hinscx/goecho v1.1.0/go.mod h1:oTxGLhx11ugsemNg21efQD9Nw80I8sViSnz/4NsxJyE=
